Microsoft Visual Studio Solution File, Format Version 12.00
# Visual Studio Version 17
VisualStudioVersion = 17.0.31611.283
MinimumVisualStudioVersion = 10.0.40219.1
Project("{9A19103F-16F7-4668-BE54-9A1E7A4F7556}") = "MAUIApp", "MAUIApp\MAUIApp.csproj", "{AF9D907B-7DC3-49BF-B269-AC8F8FF5ECC7}"
EndProject
Project("{9A19103F-16F7-4668-BE54-9A1E7A4F7556}") = "MAUI_API", "MAUI_API\MAUI_API.csproj", "{C0A8455E-5A8B-4AE6-912F-2A5AE0160D91}"
EndProject
Project("{FAE04EC0-301F-11D3-BF4B-00C04F79EFBC}") = "MAUIAppCommon", "MAUIAppCommon\MAUIAppCommon.csproj", "{773B7E4B-CE54-409D-871B-6FD57BA3E928}"
EndProject
Global
	GlobalSection(SolutionConfigurationPlatforms) = preSolution
		Debug|Any CPU = Debug|Any CPU
		Release|Any CPU = Release|Any CPU
	EndGlobalSection
	GlobalSection(ProjectConfigurationPlatforms) = postSolution
		{AF9D907B-7DC3-49BF-B269-AC8F8FF5ECC7}.Debug|Any CPU.ActiveCfg = Debug|Any CPU
		{AF9D907B-7DC3-49BF-B269-AC8F8FF5ECC7}.Debug|Any CPU.Build.0 = Debug|Any CPU
		{AF9D907B-7DC3-49BF-B269-AC8F8FF5ECC7}.Debug|Any CPU.Deploy.0 = Debug|Any CPU
		{AF9D907B-7DC3-49BF-B269-AC8F8FF5ECC7}.Release|Any CPU.ActiveCfg = Release|Any CPU
		{AF9D907B-7DC3-49BF-B269-AC8F8FF5ECC7}.Release|Any CPU.Build.0 = Release|Any CPU
		{AF9D907B-7DC3-49BF-B269-AC8F8FF5ECC7}.Release|Any CPU.Deploy.0 = Release|Any CPU
		{C0A8455E-5A8B-4AE6-912F-2A5AE0160D91}.Debug|Any CPU.ActiveCfg = Debug|Any CPU
		{C0A8455E-5A8B-4AE6-912F-2A5AE0160D91}.Debug|Any CPU.Build.0 = Debug|Any CPU
		{C0A8455E-5A8B-4AE6-912F-2A5AE0160D91}.Release|Any CPU.ActiveCfg = Release|Any CPU
		{C0A8455E-5A8B-4AE6-912F-2A5AE0160D91}.Release|Any CPU.Build.0 = Release|Any CPU
		{773B7E4B-CE54-409D-871B-6FD57BA3E928}.Debug|Any CPU.ActiveCfg = Debug|Any CPU
		{773B7E4B-CE54-409D-871B-6FD57BA3E928}.Debug|Any CPU.Build.0 = Debug|Any CPU
		{773B7E4B-CE54-409D-871B-6FD57BA3E928}.Release|Any CPU.ActiveCfg = Release|Any CPU
		{773B7E4B-CE54-409D-871B-6FD57BA3E928}.Release|Any CPU.Build.0 = Release|Any CPU
	EndGlobalSection
	GlobalSection(SolutionProperties) = preSolution
		HideSolutionNode = FALSE
	EndGlobalSection
	GlobalSection(ExtensibilityGlobals) = postSolution
		        SolutionGuid = {61F7FB11-1E47-470C-91E2-47F8143E1572}
		SolutionGuid = {14C9C080-CA3E-4AC3-AE1B-B2643D00B592}
	EndGlobalSection
EndGlobal
